
Microsoft Visual Studio Solution File, Format Version 12.00
# Visual Studio Version 17
VisualStudioVersion = 17.0.31903.59
MinimumVisualStudioVersion = 10.0.40219.1
Project("{FAE04EC0-301F-11D3-BF4B-00C04F79EFBC}") = "RealmEngine.Shared", "RealmEngine.Shared\RealmEngine.Shared.csproj", "{58EE20C7-3715-4C32-8247-5D5CA3003B52}"
EndProject
Project("{FAE04EC0-301F-11D3-BF4B-00C04F79EFBC}") = "RealmEngine.Core", "RealmEngine.Core\RealmEngine.Core.csproj", "{0466990C-3C21-434F-BD36-C8ED77B06153}"
EndProject
Project("{FAE04EC0-301F-11D3-BF4B-00C04F79EFBC}") = "RealmEngine.Data", "RealmEngine.Data\RealmEngine.Data.csproj", "{509A5A5D-4C1C-4DEC-9546-59F63EC7EBF9}"
EndProject
Project("{FAE04EC0-301F-11D3-BF4B-00C04F79EFBC}") = "RealmForge", "RealmForge\RealmForge.csproj", "{B321FAD6-92AC-4578-86DD-E29D108A56C3}"
EndProject
Project("{FAE04EC0-301F-11D3-BF4B-00C04F79EFBC}") = "RealmForge.Tests", "RealmForge.Tests\RealmForge.Tests.csproj", "{3CD25D49-677B-437D-A000-CBEF0CA6A06B}"
EndProject
Global
	GlobalSection(SolutionConfigurationPlatforms) = preSolution
		Debug|Any CPU = Debug|Any CPU
		Debug|x64 = Debug|x64
		Debug|x86 = Debug|x86
		Release|Any CPU = Release|Any CPU
		Release|x64 = Release|x64
		Release|x86 = Release|x86
	EndGlobalSection
	GlobalSection(ProjectConfigurationPlatforms) = postSolution
		{58EE20C7-3715-4C32-8247-5D5CA3003B52}.Debug|Any CPU.ActiveCfg = Debug|Any CPU
		{58EE20C7-3715-4C32-8247-5D5CA3003B52}.Debug|Any CPU.Build.0 = Debug|Any CPU
		{58EE20C7-3715-4C32-8247-5D5CA3003B52}.Debug|x64.ActiveCfg = Debug|Any CPU
		{58EE20C7-3715-4C32-8247-5D5CA3003B52}.Debug|x64.Build.0 = Debug|Any CPU
		{58EE20C7-3715-4C32-8247-5D5CA3003B52}.Debug|x86.ActiveCfg = Debug|Any CPU
		{58EE20C7-3715-4C32-8247-5D5CA3003B52}.Debug|x86.Build.0 = Debug|Any CPU
		{58EE20C7-3715-4C32-8247-5D5CA3003B52}.Release|Any CPU.ActiveCfg = Release|Any CPU
		{58EE20C7-3715-4C32-8247-5D5CA3003B52}.Release|Any CPU.Build.0 = Release|Any CPU
		{58EE20C7-3715-4C32-8247-5D5CA3003B52}.Release|x64.ActiveCfg = Release|Any CPU
		{58EE20C7-3715-4C32-8247-5D5CA3003B52}.Release|x64.Build.0 = Release|Any CPU
		{58EE20C7-3715-4C32-8247-5D5CA3003B52}.Release|x86.ActiveCfg = Release|Any CPU
		{58EE20C7-3715-4C32-8247-5D5CA3003B52}.Release|x86.Build.0 = Release|Any CPU
		{0466990C-3C21-434F-BD36-C8ED77B06153}.Debug|Any CPU.ActiveCfg = Debug|Any CPU
		{0466990C-3C21-434F-BD36-C8ED77B06153}.Debug|Any CPU.Build.0 = Debug|Any CPU
		{0466990C-3C21-434F-BD36-C8ED77B06153}.Debug|x64.ActiveCfg = Debug|Any CPU
		{0466990C-3C21-434F-BD36-C8ED77B06153}.Debug|x64.Build.0 = Debug|Any CPU
		{0466990C-3C21-434F-BD36-C8ED77B06153}.Debug|x86.ActiveCfg = Debug|Any CPU
		{0466990C-3C21-434F-BD36-C8ED77B06153}.Debug|x86.Build.0 = Debug|Any CPU
		{0466990C-3C21-434F-BD36-C8ED77B06153}.Release|Any CPU.ActiveCfg = Release|Any CPU
		{0466990C-3C21-434F-BD36-C8ED77B06153}.Release|Any CPU.Build.0 = Release|Any CPU
		{0466990C-3C21-434F-BD36-C8ED77B06153}.Release|x64.ActiveCfg = Release|Any CPU
		{0466990C-3C21-434F-BD36-C8ED77B06153}.Release|x64.Build.0 = Release|Any CPU
		{0466990C-3C21-434F-BD36-C8ED77B06153}.Release|x86.ActiveCfg = Release|Any CPU
		{0466990C-3C21-434F-BD36-C8ED77B06153}.Release|x86.Build.0 = Release|Any CPU
		{509A5A5D-4C1C-4DEC-9546-59F63EC7EBF9}.Debug|Any CPU.ActiveCfg = Debug|Any CPU
		{509A5A5D-4C1C-4DEC-9546-59F63EC7EBF9}.Debug|Any CPU.Build.0 = Debug|Any CPU
		{509A5A5D-4C1C-4DEC-9546-59F63EC7EBF9}.Debug|x64.ActiveCfg = Debug|Any CPU
		{509A5A5D-4C1C-4DEC-9546-59F63EC7EBF9}.Debug|x64.Build.0 = Debug|Any CPU
		{509A5A5D-4C1C-4DEC-9546-59F63EC7EBF9}.Debug|x86.ActiveCfg = Debug|Any CPU
		{509A5A5D-4C1C-4DEC-9546-59F63EC7EBF9}.Debug|x86.Build.0 = Debug|Any CPU
		{509A5A5D-4C1C-4DEC-9546-59F63EC7EBF9}.Release|Any CPU.ActiveCfg = Release|Any CPU
		{509A5A5D-4C1C-4DEC-9546-59F63EC7EBF9}.Release|Any CPU.Build.0 = Release|Any CPU
		{509A5A5D-4C1C-4DEC-9546-59F63EC7EBF9}.Release|x64.ActiveCfg = Release|Any CPU
		{509A5A5D-4C1C-4DEC-9546-59F63EC7EBF9}.Release|x64.Build.0 = Release|Any CPU
		{509A5A5D-4C1C-4DEC-9546-59F63EC7EBF9}.Release|x86.ActiveCfg = Release|Any CPU
		{509A5A5D-4C1C-4DEC-9546-59F63EC7EBF9}.Release|x86.Build.0 = Release|Any CPU
		{B321FAD6-92AC-4578-86DD-E29D108A56C3}.Debug|Any CPU.ActiveCfg = Debug|Any CPU
		{B321FAD6-92AC-4578-86DD-E29D108A56C3}.Debug|Any CPU.Build.0 = Debug|Any CPU
		{B321FAD6-92AC-4578-86DD-E29D108A56C3}.Debug|x64.ActiveCfg = Debug|Any CPU
		{B321FAD6-92AC-4578-86DD-E29D108A56C3}.Debug|x64.Build.0 = Debug|Any CPU
		{B321FAD6-92AC-4578-86DD-E29D108A56C3}.Debug|x86.ActiveCfg = Debug|Any CPU
		{B321FAD6-92AC-4578-86DD-E29D108A56C3}.Debug|x86.Build.0 = Debug|Any CPU
		{B321FAD6-92AC-4578-86DD-E29D108A56C3}.Release|Any CPU.ActiveCfg = Release|Any CPU
		{B321FAD6-92AC-4578-86DD-E29D108A56C3}.Release|Any CPU.Build.0 = Release|Any CPU
		{B321FAD6-92AC-4578-86DD-E29D108A56C3}.Release|x64.ActiveCfg = Release|Any CPU
		{B321FAD6-92AC-4578-86DD-E29D108A56C3}.Release|x64.Build.0 = Release|Any CPU
		{B321FAD6-92AC-4578-86DD-E29D108A56C3}.Release|x86.ActiveCfg = Release|Any CPU
		{B321FAD6-92AC-4578-86DD-E29D108A56C3}.Release|x86.Build.0 = Release|Any CPU
		{3CD25D49-677B-437D-A000-CBEF0CA6A06B}.Debug|Any CPU.ActiveCfg = Debug|Any CPU
		{3CD25D49-677B-437D-A000-CBEF0CA6A06B}.Debug|Any CPU.Build.0 = Debug|Any CPU
		{3CD25D49-677B-437D-A000-CBEF0CA6A06B}.Debug|x64.ActiveCfg = Debug|Any CPU
		{3CD25D49-677B-437D-A000-CBEF0CA6A06B}.Debug|x64.Build.0 = Debug|Any CPU
		{3CD25D49-677B-437D-A000-CBEF0CA6A06B}.Debug|x86.ActiveCfg = Debug|Any CPU
		{3CD25D49-677B-437D-A000-CBEF0CA6A06B}.Debug|x86.Build.0 = Debug|Any CPU
		{3CD25D49-677B-437D-A000-CBEF0CA6A06B}.Release|Any CPU.ActiveCfg = Release|Any CPU
		{3CD25D49-677B-437D-A000-CBEF0CA6A06B}.Release|Any CPU.Build.0 = Release|Any CPU
		{3CD25D49-677B-437D-A000-CBEF0CA6A06B}.Release|x64.ActiveCfg = Release|Any CPU
		{3CD25D49-677B-437D-A000-CBEF0CA6A06B}.Release|x64.Build.0 = Release|Any CPU
		{3CD25D49-677B-437D-A000-CBEF0CA6A06B}.Release|x86.ActiveCfg = Release|Any CPU
		{3CD25D49-677B-437D-A000-CBEF0CA6A06B}.Release|x86.Build.0 = Release|Any CPU
	EndGlobalSection
	GlobalSection(SolutionProperties) = preSolution
		HideSolutionNode = FALSE
	EndGlobalSection
EndGlobal
