<Solution>
  <Project Path="RealmEngine.Shared/RealmEngine.Shared.csproj" />
  <Project Path="RealmEngine.Core/RealmEngine.Core.csproj" />
  <Project Path="RealmEngine.Data/RealmEngine.Data.csproj" />
  <Project Path="RealmEngine.Shared.Tests/RealmEngine.Shared.Tests.csproj" />
  <Project Path="RealmEngine.Core.Tests/RealmEngine.Core.Tests.csproj" />
  <Project Path="RealmEngine.Data.Tests/RealmEngine.Data.Tests.csproj" />
</Solution>
